
Microsoft Visual Studio Solution File, Format Version 12.00
# Visual Studio Version 16
VisualStudioVersion = 16.0.29418.71
MinimumVisualStudioVersion = 10.0.40219.1
Project("{FAE04EC0-301F-11D3-BF4B-00C04F79EFBC}") = "Asp.netCoreMVCCRUD", "Asp.netCoreMVCCRUD\Asp.netCoreMVCCRUD.csproj", "{D8ADF026-C894-44AA-A9B1-2C0A946D6DBA}"
EndProject
Global
	GlobalSection(SolutionConfigurationPlatforms) = preSolution
		Debug|Any CPU = Debug|Any CPU
		Release|Any CPU = Release|Any CPU
	EndGlobalSection
	GlobalSection(ProjectConfigurationPlatforms) = postSolution
		{D8ADF026-C894-44AA-A9B1-2C0A946D6DBA}.Debug|Any CPU.ActiveCfg = Debug|Any CPU
		{D8ADF026-C894-44AA-A9B1-2C0A946D6DBA}.Debug|Any CPU.Build.0 = Debug|Any CPU
		{D8ADF026-C894-44AA-A9B1-2C0A946D6DBA}.Release|Any CPU.ActiveCfg = Release|Any CPU
		{D8ADF026-C894-44AA-A9B1-2C0A946D6DBA}.Release|Any CPU.Build.0 = Release|Any CPU
	EndGlobalSection
	GlobalSection(SolutionProperties) = preSolution
		HideSolutionNode = FALSE
	EndGlobalSection
	GlobalSection(ExtensibilityGlobals) = postSolution
		SolutionGuid = {5786B6D9-2DED-4D05-9B28-FA36494FF800}
	EndGlobalSection
EndGlobal
